Microsoft Visual Studio Solution File, Format Version 12.00
# Visual Studio 15
VisualStudioVersion = 15.0.28307.106
MinimumVisualStudioVersion = 10.0.40219.1
Project("{9A19103F-16F7-4668-BE54-9A1E7A4F7556}") = "Microsoft.Diagnostics.Runtime", "clrmd\src\Microsoft.Diagnostics.Runtime\Microsoft.Diagnostics.Runtime.csproj", "{A249EA9E-F364-459C-A5AB-669F2C7C28AC}"
EndProject
Project("{FAE04EC0-301F-11D3-BF4B-00C04F79EFBC}") = "StringTheory", "StringTheory\StringTheory.csproj", "{11D8BE74-D470-41C0-A53D-29ADB7149D8E}"
EndProject
Project("{2150E333-8FDC-42A3-9474-1A3956D46DE8}") = "Solution Items", "Solution Items", "{989304BE-ACA4-4BAA-97F3-8A137BBF64FD}"
	ProjectSection(SolutionItems) = preProject
		.gitignore = .gitignore
		.gitmodules = .gitmodules
		LICENSE.md = LICENSE.md
		README.md = README.md
	EndProjectSection
EndProject
Project("{9A19103F-16F7-4668-BE54-9A1E7A4F7556}") = "StringTheory.PoolExamples", "StringTheory.PoolExamples\StringTheory.PoolExamples.csproj", "{7FEBDB59-3E55-473C-BADE-39F03B8B0B36}"
EndProject
Project("{FAE04EC0-301F-11D3-BF4B-00C04F79EFBC}") = "StringTheory.PoolExamples.Tests", "StringTheory.PoolExamples.Tests\StringTheory.PoolExamples.Tests.csproj", "{1CA0CB5A-4055-46CB-B78C-4FEDAECEE53B}"
EndProject
Global
	GlobalSection(SolutionConfigurationPlatforms) = preSolution
		Debug|Any CPU = Debug|Any CPU
		Debug|x64 = Debug|x64
		Debug|x86 = Debug|x86
		Release|Any CPU = Release|Any CPU
		Release|x64 = Release|x64
		Release|x86 = Release|x86
	EndGlobalSection
	GlobalSection(ProjectConfigurationPlatforms) = postSolution
		{A249EA9E-F364-459C-A5AB-669F2C7C28AC}.Debug|Any CPU.ActiveCfg = Debug|Any CPU
		{A249EA9E-F364-459C-A5AB-669F2C7C28AC}.Debug|Any CPU.Build.0 = Debug|Any CPU
		{A249EA9E-F364-459C-A5AB-669F2C7C28AC}.Debug|x64.ActiveCfg = Debug|Any CPU
		{A249EA9E-F364-459C-A5AB-669F2C7C28AC}.Debug|x64.Build.0 = Debug|Any CPU
		{A249EA9E-F364-459C-A5AB-669F2C7C28AC}.Debug|x86.ActiveCfg = Debug|Any CPU
		{A249EA9E-F364-459C-A5AB-669F2C7C28AC}.Debug|x86.Build.0 = Debug|Any CPU
		{A249EA9E-F364-459C-A5AB-669F2C7C28AC}.Release|Any CPU.ActiveCfg = Release|Any CPU
		{A249EA9E-F364-459C-A5AB-669F2C7C28AC}.Release|Any CPU.Build.0 = Release|Any CPU
		{A249EA9E-F364-459C-A5AB-669F2C7C28AC}.Release|x64.ActiveCfg = Release|Any CPU
		{A249EA9E-F364-459C-A5AB-669F2C7C28AC}.Release|x64.Build.0 = Release|Any CPU
		{A249EA9E-F364-459C-A5AB-669F2C7C28AC}.Release|x86.ActiveCfg = Release|Any CPU
		{A249EA9E-F364-459C-A5AB-669F2C7C28AC}.Release|x86.Build.0 = Release|Any CPU
		{11D8BE74-D470-41C0-A53D-29ADB7149D8E}.Debug|Any CPU.ActiveCfg = Debug|x86
		{11D8BE74-D470-41C0-A53D-29ADB7149D8E}.Debug|x64.ActiveCfg = Debug|x64
		{11D8BE74-D470-41C0-A53D-29ADB7149D8E}.Debug|x64.Build.0 = Debug|x64
		{11D8BE74-D470-41C0-A53D-29ADB7149D8E}.Debug|x86.ActiveCfg = Debug|x86
		{11D8BE74-D470-41C0-A53D-29ADB7149D8E}.Debug|x86.Build.0 = Debug|x86
		{11D8BE74-D470-41C0-A53D-29ADB7149D8E}.Release|Any CPU.ActiveCfg = Release|x86
		{11D8BE74-D470-41C0-A53D-29ADB7149D8E}.Release|x64.ActiveCfg = Release|x64
		{11D8BE74-D470-41C0-A53D-29ADB7149D8E}.Release|x64.Build.0 = Release|x64
		{11D8BE74-D470-41C0-A53D-29ADB7149D8E}.Release|x86.ActiveCfg = Release|x86
		{11D8BE74-D470-41C0-A53D-29ADB7149D8E}.Release|x86.Build.0 = Release|x86
		{7FEBDB59-3E55-473C-BADE-39F03B8B0B36}.Debug|Any CPU.ActiveCfg = Debug|Any CPU
		{7FEBDB59-3E55-473C-BADE-39F03B8B0B36}.Debug|Any CPU.Build.0 = Debug|Any CPU
		{7FEBDB59-3E55-473C-BADE-39F03B8B0B36}.Debug|x64.ActiveCfg = Debug|Any CPU
		{7FEBDB59-3E55-473C-BADE-39F03B8B0B36}.Debug|x64.Build.0 = Debug|Any CPU
		{7FEBDB59-3E55-473C-BADE-39F03B8B0B36}.Debug|x86.ActiveCfg = Debug|Any CPU
		{7FEBDB59-3E55-473C-BADE-39F03B8B0B36}.Debug|x86.Build.0 = Debug|Any CPU
		{7FEBDB59-3E55-473C-BADE-39F03B8B0B36}.Release|Any CPU.ActiveCfg = Release|Any CPU
		{7FEBDB59-3E55-473C-BADE-39F03B8B0B36}.Release|Any CPU.Build.0 = Release|Any CPU
		{7FEBDB59-3E55-473C-BADE-39F03B8B0B36}.Release|x64.ActiveCfg = Release|Any CPU
		{7FEBDB59-3E55-473C-BADE-39F03B8B0B36}.Release|x64.Build.0 = Release|Any CPU
		{7FEBDB59-3E55-473C-BADE-39F03B8B0B36}.Release|x86.ActiveCfg = Release|Any CPU
		{7FEBDB59-3E55-473C-BADE-39F03B8B0B36}.Release|x86.Build.0 = Release|Any CPU
		{1CA0CB5A-4055-46CB-B78C-4FEDAECEE53B}.Debug|Any CPU.ActiveCfg = Debug|Any CPU
		{1CA0CB5A-4055-46CB-B78C-4FEDAECEE53B}.Debug|Any CPU.Build.0 = Debug|Any CPU
		{1CA0CB5A-4055-46CB-B78C-4FEDAECEE53B}.Debug|x64.ActiveCfg = Debug|Any CPU
		{1CA0CB5A-4055-46CB-B78C-4FEDAECEE53B}.Debug|x64.Build.0 = Debug|Any CPU
		{1CA0CB5A-4055-46CB-B78C-4FEDAECEE53B}.Debug|x86.ActiveCfg = Debug|Any CPU
		{1CA0CB5A-4055-46CB-B78C-4FEDAECEE53B}.Debug|x86.Build.0 = Debug|Any CPU
		{1CA0CB5A-4055-46CB-B78C-4FEDAECEE53B}.Release|Any CPU.ActiveCfg = Release|Any CPU
		{1CA0CB5A-4055-46CB-B78C-4FEDAECEE53B}.Release|Any CPU.Build.0 = Release|Any CPU
		{1CA0CB5A-4055-46CB-B78C-4FEDAECEE53B}.Release|x64.ActiveCfg = Release|Any CPU
		{1CA0CB5A-4055-46CB-B78C-4FEDAECEE53B}.Release|x64.Build.0 = Release|Any CPU
		{1CA0CB5A-4055-46CB-B78C-4FEDAECEE53B}.Release|x86.ActiveCfg = Release|Any CPU
		{1CA0CB5A-4055-46CB-B78C-4FEDAECEE53B}.Release|x86.Build.0 = Release|Any CPU
	EndGlobalSection
	GlobalSection(SolutionProperties) = preSolution
		HideSolutionNode = FALSE
	EndGlobalSection
	GlobalSection(ExtensibilityGlobals) = postSolution
		SolutionGuid = {D22CAD19-24AF-4EB4-A1EF-8E60A699DB36}
	EndGlobalSection
EndGlobal
